
Microsoft Visual Studio Solution File, Format Version 11.00
# Visual Studio 2010
Project("{8BC9CEB8-8B4A-11D0-8D11-00A0C91BC942}") = "NtupleClasses", "NtupleClasses\NtupleClasses.vcxproj", "{0842181C-FDE0-4518-93A0-CA5CE647BC3A}"
EndProject
Project("{8BC9CEB8-8B4A-11D0-8D11-00A0C91BC942}") = "NTupleWrappers", "NTupleWrappers\NTupleWrappers.vcxproj", "{0B7F2486-B72D-4B47-85B5-0329BB9C03AB}"
	ProjectSection(ProjectDependencies) = postProject
		{0842181C-FDE0-4518-93A0-CA5CE647BC3A} = {0842181C-FDE0-4518-93A0-CA5CE647BC3A}
	EndProjectSection
EndProject
Project("{FAE04EC0-301F-11D3-BF4B-00C04F79EFBC}") = "DemoJetShapes", "DemoJetShapes\DemoJetShapes.csproj", "{D79BBEDC-59DC-4D76-8154-BA2A51A72278}"
	ProjectSection(ProjectDependencies) = postProject
		{CB6FA748-F8C3-4CAA-9852-C41F6195915B} = {CB6FA748-F8C3-4CAA-9852-C41F6195915B}
	EndProjectSection
EndProject
Project("{8BC9CEB8-8B4A-11D0-8D11-00A0C91BC942}") = "GenerateNtupleXMLSpec", "GenerateNtupleXMLSpec\GenerateNtupleXMLSpec.vcxproj", "{CB6FA748-F8C3-4CAA-9852-C41F6195915B}"
EndProject
Global
	GlobalSection(SolutionConfigurationPlatforms) = preSolution
		Debug|Mixed Platforms = Debug|Mixed Platforms
		Debug|Win32 = Debug|Win32
		Debug|x86 = Debug|x86
		Release|Mixed Platforms = Release|Mixed Platforms
		Release|Win32 = Release|Win32
		Release|x86 = Release|x86
	EndGlobalSection
	GlobalSection(ProjectConfigurationPlatforms) = postSolution
		{0842181C-FDE0-4518-93A0-CA5CE647BC3A}.Debug|Mixed Platforms.ActiveCfg = Debug|Win32
		{0842181C-FDE0-4518-93A0-CA5CE647BC3A}.Debug|Mixed Platforms.Build.0 = Debug|Win32
		{0842181C-FDE0-4518-93A0-CA5CE647BC3A}.Debug|Win32.ActiveCfg = Debug|Win32
		{0842181C-FDE0-4518-93A0-CA5CE647BC3A}.Debug|Win32.Build.0 = Debug|Win32
		{0842181C-FDE0-4518-93A0-CA5CE647BC3A}.Debug|x86.ActiveCfg = Debug|Win32
		{0842181C-FDE0-4518-93A0-CA5CE647BC3A}.Release|Mixed Platforms.ActiveCfg = Release|Win32
		{0842181C-FDE0-4518-93A0-CA5CE647BC3A}.Release|Mixed Platforms.Build.0 = Release|Win32
		{0842181C-FDE0-4518-93A0-CA5CE647BC3A}.Release|Win32.ActiveCfg = Release|Win32
		{0842181C-FDE0-4518-93A0-CA5CE647BC3A}.Release|Win32.Build.0 = Release|Win32
		{0842181C-FDE0-4518-93A0-CA5CE647BC3A}.Release|x86.ActiveCfg = Release|Win32
		{0B7F2486-B72D-4B47-85B5-0329BB9C03AB}.Debug|Mixed Platforms.ActiveCfg = Release|Win32
		{0B7F2486-B72D-4B47-85B5-0329BB9C03AB}.Debug|Mixed Platforms.Build.0 = Release|Win32
		{0B7F2486-B72D-4B47-85B5-0329BB9C03AB}.Debug|Win32.ActiveCfg = Release|Win32
		{0B7F2486-B72D-4B47-85B5-0329BB9C03AB}.Debug|Win32.Build.0 = Release|Win32
		{0B7F2486-B72D-4B47-85B5-0329BB9C03AB}.Debug|x86.ActiveCfg = Release|Win32
		{0B7F2486-B72D-4B47-85B5-0329BB9C03AB}.Release|Mixed Platforms.ActiveCfg = Release|Win32
		{0B7F2486-B72D-4B47-85B5-0329BB9C03AB}.Release|Mixed Platforms.Build.0 = Release|Win32
		{0B7F2486-B72D-4B47-85B5-0329BB9C03AB}.Release|Win32.ActiveCfg = Release|Win32
		{0B7F2486-B72D-4B47-85B5-0329BB9C03AB}.Release|Win32.Build.0 = Release|Win32
		{0B7F2486-B72D-4B47-85B5-0329BB9C03AB}.Release|x86.ActiveCfg = Release|Win32
		{D79BBEDC-59DC-4D76-8154-BA2A51A72278}.Debug|Mixed Platforms.ActiveCfg = Debug|x86
		{D79BBEDC-59DC-4D76-8154-BA2A51A72278}.Debug|Mixed Platforms.Build.0 = Debug|x86
		{D79BBEDC-59DC-4D76-8154-BA2A51A72278}.Debug|Win32.ActiveCfg = Debug|x86
		{D79BBEDC-59DC-4D76-8154-BA2A51A72278}.Debug|x86.ActiveCfg = Debug|x86
		{D79BBEDC-59DC-4D76-8154-BA2A51A72278}.Debug|x86.Build.0 = Debug|x86
		{D79BBEDC-59DC-4D76-8154-BA2A51A72278}.Release|Mixed Platforms.ActiveCfg = Release|x86
		{D79BBEDC-59DC-4D76-8154-BA2A51A72278}.Release|Mixed Platforms.Build.0 = Release|x86
		{D79BBEDC-59DC-4D76-8154-BA2A51A72278}.Release|Win32.ActiveCfg = Release|x86
		{D79BBEDC-59DC-4D76-8154-BA2A51A72278}.Release|x86.ActiveCfg = Release|x86
		{D79BBEDC-59DC-4D76-8154-BA2A51A72278}.Release|x86.Build.0 = Release|x86
		{CB6FA748-F8C3-4CAA-9852-C41F6195915B}.Debug|Mixed Platforms.ActiveCfg = Debug|Win32
		{CB6FA748-F8C3-4CAA-9852-C41F6195915B}.Debug|Mixed Platforms.Build.0 = Debug|Win32
		{CB6FA748-F8C3-4CAA-9852-C41F6195915B}.Debug|Win32.ActiveCfg = Debug|Win32
		{CB6FA748-F8C3-4CAA-9852-C41F6195915B}.Debug|Win32.Build.0 = Debug|Win32
		{CB6FA748-F8C3-4CAA-9852-C41F6195915B}.Debug|x86.ActiveCfg = Debug|Win32
		{CB6FA748-F8C3-4CAA-9852-C41F6195915B}.Release|Mixed Platforms.ActiveCfg = Release|Win32
		{CB6FA748-F8C3-4CAA-9852-C41F6195915B}.Release|Mixed Platforms.Build.0 = Release|Win32
		{CB6FA748-F8C3-4CAA-9852-C41F6195915B}.Release|Win32.ActiveCfg = Release|Win32
		{CB6FA748-F8C3-4CAA-9852-C41F6195915B}.Release|Win32.Build.0 = Release|Win32
		{CB6FA748-F8C3-4CAA-9852-C41F6195915B}.Release|x86.ActiveCfg = Release|Win32
	EndGlobalSection
	GlobalSection(SolutionProperties) = preSolution
		HideSolutionNode = FALSE
	EndGlobalSection
EndGlobal
