
Microsoft Visual Studio Solution File, Format Version 12.00
# Visual Studio 2012
Project("{FAE04EC0-301F-11D3-BF4B-00C04F79EFBC}") = "LINQToTTreeLib", "LINQToTTreeLib\LINQToTTreeLib.csproj", "{A1A955AD-BC56-4413-92BC-581C35A78522}"
EndProject
Project("{FAE04EC0-301F-11D3-BF4B-00C04F79EFBC}") = "LINQToTTreeLib.Tests", "LINQToTTreeLib.Tests\LINQToTTreeLib.Tests.csproj", "{B4D4BD10-53CD-42BE-9174-876F117D245C}"
EndProject
Project("{FAE04EC0-301F-11D3-BF4B-00C04F79EFBC}") = "LinqToTTreeInterfacesLib", "LinqToTTreeInterfacesLib\LinqToTTreeInterfacesLib.csproj", "{802DBA06-8779-4024-A899-4D0293F75695}"
EndProject
Project("{FAE04EC0-301F-11D3-BF4B-00C04F79EFBC}") = "TTreeParser", "TTreeParser\TTreeParser.csproj", "{69E634CA-6F0D-4363-9522-F19896E27E02}"
EndProject
Project("{FAE04EC0-301F-11D3-BF4B-00C04F79EFBC}") = "TTreeParser.Tests", "TTreeParser.Tests\TTreeParser.Tests.csproj", "{7D4F726F-EB04-4DD4-A153-778A2FB5BD93}"
EndProject
Project("{2150E333-8FDC-42A3-9474-1A3956D46DE8}") = "TTreeMetaDataHandlers", "TTreeMetaDataHandlers", "{C44D3702-64B0-4A26-856A-21F30AFF805E}"
EndProject
Project("{FAE04EC0-301F-11D3-BF4B-00C04F79EFBC}") = "TTreeDataModel", "TTreeDataModel\TTreeDataModel.csproj", "{3F0367B8-C970-4134-8FC6-944400C00F71}"
EndProject
Project("{8BC9CEB8-8B4A-11D0-8D11-00A0C91BC942}") = "TTreeParserCPP.Tests", "TTreeParserCPP.Tests\TTreeParserCPP.Tests.vcxproj", "{967E302F-C718-44B4-A6C5-93B87C786E57}"
EndProject
Project("{FAE04EC0-301F-11D3-BF4B-00C04F79EFBC}") = "CmdTFileParser", "CmdTFileParser\CmdTFileParser.csproj", "{4E957E9D-BEE2-48CB-AC19-02F89A896725}"
EndProject
Project("{FAE04EC0-301F-11D3-BF4B-00C04F79EFBC}") = "TTreeClassGenerator", "TTreeClassGenerator\TTreeClassGenerator.csproj", "{02912B73-54E2-4EA5-88F1-863BFFE0B639}"
EndProject
Project("{FAE04EC0-301F-11D3-BF4B-00C04F79EFBC}") = "CmdGenerateLINQClasses", "CmdGenerateLINQClasses\CmdGenerateLINQClasses.csproj", "{E174BAA6-23F6-4F7C-805F-E6532B59964F}"
EndProject
Project("{FAE04EC0-301F-11D3-BF4B-00C04F79EFBC}") = "TTreeClassGenerator.Tests", "TTreeClassGenerator.Tests\TTreeClassGenerator.Tests.csproj", "{A518EA23-831C-4300-AD1C-4C0F386AF0C8}"
EndProject
Project("{8BC9CEB8-8B4A-11D0-8D11-00A0C91BC942}") = "BuildLibraryDistribution", "BuildLibraryDistribution\BuildLibraryDistribution.vcxproj", "{E259F50A-B306-4FA7-B566-DD27E58B698D}"
	ProjectSection(ProjectDependencies) = postProject
		{4E957E9D-BEE2-48CB-AC19-02F89A896725} = {4E957E9D-BEE2-48CB-AC19-02F89A896725}
		{A1A955AD-BC56-4413-92BC-581C35A78522} = {A1A955AD-BC56-4413-92BC-581C35A78522}
		{DAD0BED8-5F2B-4223-9FB5-87F587F28DE0} = {DAD0BED8-5F2B-4223-9FB5-87F587F28DE0}
		{E174BAA6-23F6-4F7C-805F-E6532B59964F} = {E174BAA6-23F6-4F7C-805F-E6532B59964F}
	EndProjectSection
EndProject
Project("{2150E333-8FDC-42A3-9474-1A3956D46DE8}") = "Solution Items", "Solution Items", "{2EB381E3-ABE4-4408-88D9-4FC45E636A73}"
	ProjectSection(SolutionItems) = preProject
		Code Coverage.testsettings = Code Coverage.testsettings
		LINQToTTree.vsmdi = LINQToTTree.vsmdi
		Local.testsettings = Local.testsettings
		TraceAndTestImpact.testsettings = TraceAndTestImpact.testsettings
	EndProjectSection
EndProject
Project("{2150E333-8FDC-42A3-9474-1A3956D46DE8}") = "Tools", "Tools", "{A07BEB5A-5474-4A27-B9B2-1A6D765B7B99}"
EndProject
Project("{2150E333-8FDC-42A3-9474-1A3956D46DE8}") = "Project", "Project", "{D0CDDE7B-8F88-4ABF-9DEC-5AC8B1189A15}"
EndProject
Project("{FAE04EC0-301F-11D3-BF4B-00C04F79EFBC}") = "MSBuildTasks", "MSBuildTasks\MSBuildTasks.csproj", "{DAD0BED8-5F2B-4223-9FB5-87F587F28DE0}"
EndProject
Project("{F5034706-568F-408A-B7B3-4D38C6DB8A32}") = "BuildScripts", "BuildScripts\BuildScripts.pssproj", "{6A34246B-E4C1-4848-8E67-486767452251}"
	ProjectSection(ProjectDependencies) = postProject
		{4E957E9D-BEE2-48CB-AC19-02F89A896725} = {4E957E9D-BEE2-48CB-AC19-02F89A896725}
		{A1A955AD-BC56-4413-92BC-581C35A78522} = {A1A955AD-BC56-4413-92BC-581C35A78522}
		{DAD0BED8-5F2B-4223-9FB5-87F587F28DE0} = {DAD0BED8-5F2B-4223-9FB5-87F587F28DE0}
	EndProjectSection
EndProject
Project("{2150E333-8FDC-42A3-9474-1A3956D46DE8}") = "HelperLibrary", "HelperLibrary", "{C967E356-FE1A-444A-911B-DB82B81BAE84}"
EndProject
Project("{FAE04EC0-301F-11D3-BF4B-00C04F79EFBC}") = "LINQToTreeHelpers", "LINQToTreeHelpers\LINQToTreeHelpers.csproj", "{2BD34AA2-1BAF-4A2B-9C2D-313CB0210DDA}"
EndProject
Project("{FAE04EC0-301F-11D3-BF4B-00C04F79EFBC}") = "LINQToTreeHelpers.Tests", "LINQToTreeHelpers.Tests\LINQToTreeHelpers.Tests.csproj", "{2EB9FD3A-D41F-40E2-BDCF-B8DBB2EC17F8}"
EndProject
Project("{2150E333-8FDC-42A3-9474-1A3956D46DE8}") = ".nuget", ".nuget", "{8F45C60A-43AF-4DC5-8C78-90EDDB2863A1}"
	ProjectSection(SolutionItems) = preProject
		.nuget\NuGet.targets = .nuget\NuGet.targets
	EndProjectSection
EndProject
Project("{FAE04EC0-301F-11D3-BF4B-00C04F79EFBC}") = "SetupPROOFServer", "SetupPROOFServer\SetupPROOFServer.csproj", "{FB22907E-BFAE-4D3A-B2C3-70CF5DA8800F}"
EndProject
Project("{FAE04EC0-301F-11D3-BF4B-00C04F79EFBC}") = "CleanupPROOFServer", "CLeanupPROOFServer\CleanupPROOFServer.csproj", "{A1E26D05-5EA1-492A-A4A4-D1BB12190FC2}"
EndProject
Project("{2150E333-8FDC-42A3-9474-1A3956D46DE8}") = "PROOF", "PROOF", "{36F8C76C-4AE5-4D80-8E34-F7920DADD9E9}"
EndProject
Project("{FAE04EC0-301F-11D3-BF4B-00C04F79EFBC}") = "TestPROOFQueries", "TestPROOFQueries\TestPROOFQueries.csproj", "{44F2211C-53E4-4298-8BCE-2C0DFE111D34}"
EndProject
Project("{FAE04EC0-301F-11D3-BF4B-00C04F79EFBC}") = "PexDummy", "PexDummy\PexDummy.csproj", "{DF0A8702-D0CE-42F7-9A97-435C5F67CFE7}"
EndProject
Global
	GlobalSection(TestCaseManagementSettings) = postSolution
		CategoryFile = LINQToTTree.vsmdi
	EndGlobalSection
	GlobalSection(SolutionConfigurationPlatforms) = preSolution
		Debug|Any CPU = Debug|Any CPU
		Debug|Mixed Platforms = Debug|Mixed Platforms
		Debug|Win32 = Debug|Win32
		Debug|x86 = Debug|x86
		Release|Any CPU = Release|Any CPU
		Release|Mixed Platforms = Release|Mixed Platforms
		Release|Win32 = Release|Win32
		Release|x86 = Release|x86
	EndGlobalSection
	GlobalSection(ProjectConfigurationPlatforms) = postSolution
		{A1A955AD-BC56-4413-92BC-581C35A78522}.Debug|Any CPU.ActiveCfg = Debug|Any CPU
		{A1A955AD-BC56-4413-92BC-581C35A78522}.Debug|Any CPU.Build.0 = Debug|Any CPU
		{A1A955AD-BC56-4413-92BC-581C35A78522}.Debug|Mixed Platforms.ActiveCfg = Debug|Any CPU
		{A1A955AD-BC56-4413-92BC-581C35A78522}.Debug|Mixed Platforms.Build.0 = Debug|Any CPU
		{A1A955AD-BC56-4413-92BC-581C35A78522}.Debug|Win32.ActiveCfg = Debug|Any CPU
		{A1A955AD-BC56-4413-92BC-581C35A78522}.Debug|x86.ActiveCfg = Debug|x86
		{A1A955AD-BC56-4413-92BC-581C35A78522}.Debug|x86.Build.0 = Debug|x86
		{A1A955AD-BC56-4413-92BC-581C35A78522}.Release|Any CPU.ActiveCfg = Release|Any CPU
		{A1A955AD-BC56-4413-92BC-581C35A78522}.Release|Any CPU.Build.0 = Release|Any CPU
		{A1A955AD-BC56-4413-92BC-581C35A78522}.Release|Mixed Platforms.ActiveCfg = Release|Any CPU
		{A1A955AD-BC56-4413-92BC-581C35A78522}.Release|Mixed Platforms.Build.0 = Release|Any CPU
		{A1A955AD-BC56-4413-92BC-581C35A78522}.Release|Win32.ActiveCfg = Release|Any CPU
		{A1A955AD-BC56-4413-92BC-581C35A78522}.Release|x86.ActiveCfg = Release|x86
		{A1A955AD-BC56-4413-92BC-581C35A78522}.Release|x86.Build.0 = Release|x86
		{B4D4BD10-53CD-42BE-9174-876F117D245C}.Debug|Any CPU.ActiveCfg = Debug|Any CPU
		{B4D4BD10-53CD-42BE-9174-876F117D245C}.Debug|Any CPU.Build.0 = Debug|Any CPU
		{B4D4BD10-53CD-42BE-9174-876F117D245C}.Debug|Mixed Platforms.ActiveCfg = Debug|Any CPU
		{B4D4BD10-53CD-42BE-9174-876F117D245C}.Debug|Mixed Platforms.Build.0 = Debug|Any CPU
		{B4D4BD10-53CD-42BE-9174-876F117D245C}.Debug|Win32.ActiveCfg = Debug|Any CPU
		{B4D4BD10-53CD-42BE-9174-876F117D245C}.Debug|x86.ActiveCfg = Debug|x86
		{B4D4BD10-53CD-42BE-9174-876F117D245C}.Debug|x86.Build.0 = Debug|x86
		{B4D4BD10-53CD-42BE-9174-876F117D245C}.Release|Any CPU.ActiveCfg = Release|Any CPU
		{B4D4BD10-53CD-42BE-9174-876F117D245C}.Release|Any CPU.Build.0 = Release|Any CPU
		{B4D4BD10-53CD-42BE-9174-876F117D245C}.Release|Mixed Platforms.ActiveCfg = Release|Any CPU
		{B4D4BD10-53CD-42BE-9174-876F117D245C}.Release|Mixed Platforms.Build.0 = Release|Any CPU
		{B4D4BD10-53CD-42BE-9174-876F117D245C}.Release|Win32.ActiveCfg = Release|Any CPU
		{B4D4BD10-53CD-42BE-9174-876F117D245C}.Release|x86.ActiveCfg = Release|x86
		{B4D4BD10-53CD-42BE-9174-876F117D245C}.Release|x86.Build.0 = Release|x86
		{802DBA06-8779-4024-A899-4D0293F75695}.Debug|Any CPU.ActiveCfg = Debug|Any CPU
		{802DBA06-8779-4024-A899-4D0293F75695}.Debug|Any CPU.Build.0 = Debug|Any CPU
		{802DBA06-8779-4024-A899-4D0293F75695}.Debug|Mixed Platforms.ActiveCfg = Debug|Any CPU
		{802DBA06-8779-4024-A899-4D0293F75695}.Debug|Mixed Platforms.Build.0 = Debug|Any CPU
		{802DBA06-8779-4024-A899-4D0293F75695}.Debug|Win32.ActiveCfg = Debug|Any CPU
		{802DBA06-8779-4024-A899-4D0293F75695}.Debug|x86.ActiveCfg = Debug|x86
		{802DBA06-8779-4024-A899-4D0293F75695}.Debug|x86.Build.0 = Debug|x86
		{802DBA06-8779-4024-A899-4D0293F75695}.Release|Any CPU.ActiveCfg = Release|Any CPU
		{802DBA06-8779-4024-A899-4D0293F75695}.Release|Any CPU.Build.0 = Release|Any CPU
		{802DBA06-8779-4024-A899-4D0293F75695}.Release|Mixed Platforms.ActiveCfg = Release|Any CPU
		{802DBA06-8779-4024-A899-4D0293F75695}.Release|Mixed Platforms.Build.0 = Release|Any CPU
		{802DBA06-8779-4024-A899-4D0293F75695}.Release|Win32.ActiveCfg = Release|Any CPU
		{802DBA06-8779-4024-A899-4D0293F75695}.Release|x86.ActiveCfg = Release|x86
		{802DBA06-8779-4024-A899-4D0293F75695}.Release|x86.Build.0 = Release|x86
		{69E634CA-6F0D-4363-9522-F19896E27E02}.Debug|Any CPU.ActiveCfg = Debug|Any CPU
		{69E634CA-6F0D-4363-9522-F19896E27E02}.Debug|Any CPU.Build.0 = Debug|Any CPU
		{69E634CA-6F0D-4363-9522-F19896E27E02}.Debug|Mixed Platforms.ActiveCfg = Debug|Any CPU
		{69E634CA-6F0D-4363-9522-F19896E27E02}.Debug|Mixed Platforms.Build.0 = Debug|Any CPU
		{69E634CA-6F0D-4363-9522-F19896E27E02}.Debug|Win32.ActiveCfg = Debug|Any CPU
		{69E634CA-6F0D-4363-9522-F19896E27E02}.Debug|x86.ActiveCfg = Debug|x86
		{69E634CA-6F0D-4363-9522-F19896E27E02}.Debug|x86.Build.0 = Debug|x86
		{69E634CA-6F0D-4363-9522-F19896E27E02}.Release|Any CPU.ActiveCfg = Release|Any CPU
		{69E634CA-6F0D-4363-9522-F19896E27E02}.Release|Any CPU.Build.0 = Release|Any CPU
		{69E634CA-6F0D-4363-9522-F19896E27E02}.Release|Mixed Platforms.ActiveCfg = Release|Any CPU
		{69E634CA-6F0D-4363-9522-F19896E27E02}.Release|Mixed Platforms.Build.0 = Release|Any CPU
		{69E634CA-6F0D-4363-9522-F19896E27E02}.Release|Win32.ActiveCfg = Release|Any CPU
		{69E634CA-6F0D-4363-9522-F19896E27E02}.Release|x86.ActiveCfg = Release|x86
		{69E634CA-6F0D-4363-9522-F19896E27E02}.Release|x86.Build.0 = Release|x86
		{7D4F726F-EB04-4DD4-A153-778A2FB5BD93}.Debug|Any CPU.ActiveCfg = Debug|Any CPU
		{7D4F726F-EB04-4DD4-A153-778A2FB5BD93}.Debug|Any CPU.Build.0 = Debug|Any CPU
		{7D4F726F-EB04-4DD4-A153-778A2FB5BD93}.Debug|Mixed Platforms.ActiveCfg = Debug|Any CPU
		{7D4F726F-EB04-4DD4-A153-778A2FB5BD93}.Debug|Mixed Platforms.Build.0 = Debug|Any CPU
		{7D4F726F-EB04-4DD4-A153-778A2FB5BD93}.Debug|Win32.ActiveCfg = Debug|Any CPU
		{7D4F726F-EB04-4DD4-A153-778A2FB5BD93}.Debug|x86.ActiveCfg = Debug|x86
		{7D4F726F-EB04-4DD4-A153-778A2FB5BD93}.Debug|x86.Build.0 = Debug|x86
		{7D4F726F-EB04-4DD4-A153-778A2FB5BD93}.Release|Any CPU.ActiveCfg = Release|Any CPU
		{7D4F726F-EB04-4DD4-A153-778A2FB5BD93}.Release|Any CPU.Build.0 = Release|Any CPU
		{7D4F726F-EB04-4DD4-A153-778A2FB5BD93}.Release|Mixed Platforms.ActiveCfg = Release|Any CPU
		{7D4F726F-EB04-4DD4-A153-778A2FB5BD93}.Release|Mixed Platforms.Build.0 = Release|Any CPU
		{7D4F726F-EB04-4DD4-A153-778A2FB5BD93}.Release|Win32.ActiveCfg = Release|Any CPU
		{7D4F726F-EB04-4DD4-A153-778A2FB5BD93}.Release|x86.ActiveCfg = Release|x86
		{7D4F726F-EB04-4DD4-A153-778A2FB5BD93}.Release|x86.Build.0 = Release|x86
		{3F0367B8-C970-4134-8FC6-944400C00F71}.Debug|Any CPU.ActiveCfg = Debug|Any CPU
		{3F0367B8-C970-4134-8FC6-944400C00F71}.Debug|Any CPU.Build.0 = Debug|Any CPU
		{3F0367B8-C970-4134-8FC6-944400C00F71}.Debug|Mixed Platforms.ActiveCfg = Debug|Any CPU
		{3F0367B8-C970-4134-8FC6-944400C00F71}.Debug|Mixed Platforms.Build.0 = Debug|Any CPU
		{3F0367B8-C970-4134-8FC6-944400C00F71}.Debug|Win32.ActiveCfg = Debug|Any CPU
		{3F0367B8-C970-4134-8FC6-944400C00F71}.Debug|x86.ActiveCfg = Debug|x86
		{3F0367B8-C970-4134-8FC6-944400C00F71}.Debug|x86.Build.0 = Debug|x86
		{3F0367B8-C970-4134-8FC6-944400C00F71}.Release|Any CPU.ActiveCfg = Release|Any CPU
		{3F0367B8-C970-4134-8FC6-944400C00F71}.Release|Any CPU.Build.0 = Release|Any CPU
		{3F0367B8-C970-4134-8FC6-944400C00F71}.Release|Mixed Platforms.ActiveCfg = Release|Any CPU
		{3F0367B8-C970-4134-8FC6-944400C00F71}.Release|Mixed Platforms.Build.0 = Release|Any CPU
		{3F0367B8-C970-4134-8FC6-944400C00F71}.Release|Win32.ActiveCfg = Release|Any CPU
		{3F0367B8-C970-4134-8FC6-944400C00F71}.Release|x86.ActiveCfg = Release|x86
		{3F0367B8-C970-4134-8FC6-944400C00F71}.Release|x86.Build.0 = Release|x86
		{967E302F-C718-44B4-A6C5-93B87C786E57}.Debug|Any CPU.ActiveCfg = Debug|Win32
		{967E302F-C718-44B4-A6C5-93B87C786E57}.Debug|Any CPU.Build.0 = Debug|Win32
		{967E302F-C718-44B4-A6C5-93B87C786E57}.Debug|Mixed Platforms.ActiveCfg = Debug|Win32
		{967E302F-C718-44B4-A6C5-93B87C786E57}.Debug|Mixed Platforms.Build.0 = Debug|Win32
		{967E302F-C718-44B4-A6C5-93B87C786E57}.Debug|Win32.ActiveCfg = Debug|Win32
		{967E302F-C718-44B4-A6C5-93B87C786E57}.Debug|Win32.Build.0 = Debug|Win32
		{967E302F-C718-44B4-A6C5-93B87C786E57}.Debug|x86.ActiveCfg = Debug|Win32
		{967E302F-C718-44B4-A6C5-93B87C786E57}.Debug|x86.Build.0 = Debug|Win32
		{967E302F-C718-44B4-A6C5-93B87C786E57}.Release|Any CPU.ActiveCfg = Release|Win32
		{967E302F-C718-44B4-A6C5-93B87C786E57}.Release|Mixed Platforms.ActiveCfg = Release|Win32
		{967E302F-C718-44B4-A6C5-93B87C786E57}.Release|Mixed Platforms.Build.0 = Release|Win32
		{967E302F-C718-44B4-A6C5-93B87C786E57}.Release|Win32.ActiveCfg = Release|Win32
		{967E302F-C718-44B4-A6C5-93B87C786E57}.Release|Win32.Build.0 = Release|Win32
		{967E302F-C718-44B4-A6C5-93B87C786E57}.Release|x86.ActiveCfg = Release|Win32
		{967E302F-C718-44B4-A6C5-93B87C786E57}.Release|x86.Build.0 = Release|Win32
		{4E957E9D-BEE2-48CB-AC19-02F89A896725}.Debug|Any CPU.ActiveCfg = Debug|x86
		{4E957E9D-BEE2-48CB-AC19-02F89A896725}.Debug|Any CPU.Build.0 = Debug|x86
		{4E957E9D-BEE2-48CB-AC19-02F89A896725}.Debug|Mixed Platforms.ActiveCfg = Debug|x86
		{4E957E9D-BEE2-48CB-AC19-02F89A896725}.Debug|Mixed Platforms.Build.0 = Debug|x86
		{4E957E9D-BEE2-48CB-AC19-02F89A896725}.Debug|Win32.ActiveCfg = Debug|x86
		{4E957E9D-BEE2-48CB-AC19-02F89A896725}.Debug|x86.ActiveCfg = Debug|x86
		{4E957E9D-BEE2-48CB-AC19-02F89A896725}.Debug|x86.Build.0 = Debug|x86
		{4E957E9D-BEE2-48CB-AC19-02F89A896725}.Release|Any CPU.ActiveCfg = Release|x86
		{4E957E9D-BEE2-48CB-AC19-02F89A896725}.Release|Mixed Platforms.ActiveCfg = Release|x86
		{4E957E9D-BEE2-48CB-AC19-02F89A896725}.Release|Mixed Platforms.Build.0 = Release|x86
		{4E957E9D-BEE2-48CB-AC19-02F89A896725}.Release|Win32.ActiveCfg = Release|x86
		{4E957E9D-BEE2-48CB-AC19-02F89A896725}.Release|x86.ActiveCfg = Release|x86
		{4E957E9D-BEE2-48CB-AC19-02F89A896725}.Release|x86.Build.0 = Release|x86
		{02912B73-54E2-4EA5-88F1-863BFFE0B639}.Debug|Any CPU.ActiveCfg = Debug|Any CPU
		{02912B73-54E2-4EA5-88F1-863BFFE0B639}.Debug|Any CPU.Build.0 = Debug|Any CPU
		{02912B73-54E2-4EA5-88F1-863BFFE0B639}.Debug|Mixed Platforms.ActiveCfg = Debug|Any CPU
		{02912B73-54E2-4EA5-88F1-863BFFE0B639}.Debug|Mixed Platforms.Build.0 = Debug|Any CPU
		{02912B73-54E2-4EA5-88F1-863BFFE0B639}.Debug|Win32.ActiveCfg = Debug|Any CPU
		{02912B73-54E2-4EA5-88F1-863BFFE0B639}.Debug|x86.ActiveCfg = Debug|x86
		{02912B73-54E2-4EA5-88F1-863BFFE0B639}.Debug|x86.Build.0 = Debug|x86
		{02912B73-54E2-4EA5-88F1-863BFFE0B639}.Release|Any CPU.ActiveCfg = Release|Any CPU
		{02912B73-54E2-4EA5-88F1-863BFFE0B639}.Release|Any CPU.Build.0 = Release|Any CPU
		{02912B73-54E2-4EA5-88F1-863BFFE0B639}.Release|Mixed Platforms.ActiveCfg = Release|Any CPU
		{02912B73-54E2-4EA5-88F1-863BFFE0B639}.Release|Mixed Platforms.Build.0 = Release|Any CPU
		{02912B73-54E2-4EA5-88F1-863BFFE0B639}.Release|Win32.ActiveCfg = Release|Any CPU
		{02912B73-54E2-4EA5-88F1-863BFFE0B639}.Release|x86.ActiveCfg = Release|x86
		{02912B73-54E2-4EA5-88F1-863BFFE0B639}.Release|x86.Build.0 = Release|x86
		{E174BAA6-23F6-4F7C-805F-E6532B59964F}.Debug|Any CPU.ActiveCfg = Debug|x86
		{E174BAA6-23F6-4F7C-805F-E6532B59964F}.Debug|Any CPU.Build.0 = Debug|x86
		{E174BAA6-23F6-4F7C-805F-E6532B59964F}.Debug|Mixed Platforms.ActiveCfg = Debug|x86
		{E174BAA6-23F6-4F7C-805F-E6532B59964F}.Debug|Mixed Platforms.Build.0 = Debug|x86
		{E174BAA6-23F6-4F7C-805F-E6532B59964F}.Debug|Win32.ActiveCfg = Debug|x86
		{E174BAA6-23F6-4F7C-805F-E6532B59964F}.Debug|x86.ActiveCfg = Debug|x86
		{E174BAA6-23F6-4F7C-805F-E6532B59964F}.Debug|x86.Build.0 = Debug|x86
		{E174BAA6-23F6-4F7C-805F-E6532B59964F}.Release|Any CPU.ActiveCfg = Release|x86
		{E174BAA6-23F6-4F7C-805F-E6532B59964F}.Release|Mixed Platforms.ActiveCfg = Release|x86
		{E174BAA6-23F6-4F7C-805F-E6532B59964F}.Release|Mixed Platforms.Build.0 = Release|x86
		{E174BAA6-23F6-4F7C-805F-E6532B59964F}.Release|Win32.ActiveCfg = Release|x86
		{E174BAA6-23F6-4F7C-805F-E6532B59964F}.Release|x86.ActiveCfg = Release|x86
		{E174BAA6-23F6-4F7C-805F-E6532B59964F}.Release|x86.Build.0 = Release|x86
		{A518EA23-831C-4300-AD1C-4C0F386AF0C8}.Debug|Any CPU.ActiveCfg = Debug|Any CPU
		{A518EA23-831C-4300-AD1C-4C0F386AF0C8}.Debug|Any CPU.Build.0 = Debug|Any CPU
		{A518EA23-831C-4300-AD1C-4C0F386AF0C8}.Debug|Mixed Platforms.ActiveCfg = Debug|Any CPU
		{A518EA23-831C-4300-AD1C-4C0F386AF0C8}.Debug|Mixed Platforms.Build.0 = Debug|Any CPU
		{A518EA23-831C-4300-AD1C-4C0F386AF0C8}.Debug|Win32.ActiveCfg = Debug|Any CPU
		{A518EA23-831C-4300-AD1C-4C0F386AF0C8}.Debug|x86.ActiveCfg = Debug|x86
		{A518EA23-831C-4300-AD1C-4C0F386AF0C8}.Debug|x86.Build.0 = Debug|x86
		{A518EA23-831C-4300-AD1C-4C0F386AF0C8}.Release|Any CPU.ActiveCfg = Release|Any CPU
		{A518EA23-831C-4300-AD1C-4C0F386AF0C8}.Release|Any CPU.Build.0 = Release|Any CPU
		{A518EA23-831C-4300-AD1C-4C0F386AF0C8}.Release|Mixed Platforms.ActiveCfg = Release|Any CPU
		{A518EA23-831C-4300-AD1C-4C0F386AF0C8}.Release|Mixed Platforms.Build.0 = Release|Any CPU
		{A518EA23-831C-4300-AD1C-4C0F386AF0C8}.Release|Win32.ActiveCfg = Release|Any CPU
		{A518EA23-831C-4300-AD1C-4C0F386AF0C8}.Release|x86.ActiveCfg = Release|x86
		{A518EA23-831C-4300-AD1C-4C0F386AF0C8}.Release|x86.Build.0 = Release|x86
		{E259F50A-B306-4FA7-B566-DD27E58B698D}.Debug|Any CPU.ActiveCfg = Debug|Win32
		{E259F50A-B306-4FA7-B566-DD27E58B698D}.Debug|Mixed Platforms.ActiveCfg = Debug|Win32
		{E259F50A-B306-4FA7-B566-DD27E58B698D}.Debug|Win32.ActiveCfg = Debug|Win32
		{E259F50A-B306-4FA7-B566-DD27E58B698D}.Debug|Win32.Build.0 = Debug|Win32
		{E259F50A-B306-4FA7-B566-DD27E58B698D}.Debug|x86.ActiveCfg = Debug|Win32
		{E259F50A-B306-4FA7-B566-DD27E58B698D}.Release|Any CPU.ActiveCfg = Release|Win32
		{E259F50A-B306-4FA7-B566-DD27E58B698D}.Release|Mixed Platforms.ActiveCfg = Release|Win32
		{E259F50A-B306-4FA7-B566-DD27E58B698D}.Release|Mixed Platforms.Build.0 = Release|Win32
		{E259F50A-B306-4FA7-B566-DD27E58B698D}.Release|Win32.ActiveCfg = Release|Win32
		{E259F50A-B306-4FA7-B566-DD27E58B698D}.Release|Win32.Build.0 = Release|Win32
		{E259F50A-B306-4FA7-B566-DD27E58B698D}.Release|x86.ActiveCfg = Release|Win32
		{DAD0BED8-5F2B-4223-9FB5-87F587F28DE0}.Debug|Any CPU.ActiveCfg = Debug|Any CPU
		{DAD0BED8-5F2B-4223-9FB5-87F587F28DE0}.Debug|Any CPU.Build.0 = Debug|Any CPU
		{DAD0BED8-5F2B-4223-9FB5-87F587F28DE0}.Debug|Mixed Platforms.ActiveCfg = Debug|Any CPU
		{DAD0BED8-5F2B-4223-9FB5-87F587F28DE0}.Debug|Mixed Platforms.Build.0 = Debug|Any CPU
		{DAD0BED8-5F2B-4223-9FB5-87F587F28DE0}.Debug|Win32.ActiveCfg = Debug|Any CPU
		{DAD0BED8-5F2B-4223-9FB5-87F587F28DE0}.Debug|x86.ActiveCfg = Debug|x86
		{DAD0BED8-5F2B-4223-9FB5-87F587F28DE0}.Debug|x86.Build.0 = Debug|x86
		{DAD0BED8-5F2B-4223-9FB5-87F587F28DE0}.Release|Any CPU.ActiveCfg = Release|Any CPU
		{DAD0BED8-5F2B-4223-9FB5-87F587F28DE0}.Release|Any CPU.Build.0 = Release|Any CPU
		{DAD0BED8-5F2B-4223-9FB5-87F587F28DE0}.Release|Mixed Platforms.ActiveCfg = Release|Any CPU
		{DAD0BED8-5F2B-4223-9FB5-87F587F28DE0}.Release|Mixed Platforms.Build.0 = Release|Any CPU
		{DAD0BED8-5F2B-4223-9FB5-87F587F28DE0}.Release|Win32.ActiveCfg = Release|Any CPU
		{DAD0BED8-5F2B-4223-9FB5-87F587F28DE0}.Release|x86.ActiveCfg = Release|x86
		{DAD0BED8-5F2B-4223-9FB5-87F587F28DE0}.Release|x86.Build.0 = Release|x86
		{6A34246B-E4C1-4848-8E67-486767452251}.Debug|Any CPU.ActiveCfg = Debug|x86
		{6A34246B-E4C1-4848-8E67-486767452251}.Debug|Mixed Platforms.ActiveCfg = Debug|x86
		{6A34246B-E4C1-4848-8E67-486767452251}.Debug|Mixed Platforms.Build.0 = Debug|x86
		{6A34246B-E4C1-4848-8E67-486767452251}.Debug|Win32.ActiveCfg = Debug|x86
		{6A34246B-E4C1-4848-8E67-486767452251}.Debug|x86.ActiveCfg = Debug|x86
		{6A34246B-E4C1-4848-8E67-486767452251}.Debug|x86.Build.0 = Debug|x86
		{6A34246B-E4C1-4848-8E67-486767452251}.Release|Any CPU.ActiveCfg = Release|x86
		{6A34246B-E4C1-4848-8E67-486767452251}.Release|Mixed Platforms.ActiveCfg = Release|x86
		{6A34246B-E4C1-4848-8E67-486767452251}.Release|Mixed Platforms.Build.0 = Release|x86
		{6A34246B-E4C1-4848-8E67-486767452251}.Release|Win32.ActiveCfg = Release|x86
		{6A34246B-E4C1-4848-8E67-486767452251}.Release|x86.ActiveCfg = Release|x86
		{6A34246B-E4C1-4848-8E67-486767452251}.Release|x86.Build.0 = Release|x86
		{2BD34AA2-1BAF-4A2B-9C2D-313CB0210DDA}.Debug|Any CPU.ActiveCfg = Debug|Any CPU
		{2BD34AA2-1BAF-4A2B-9C2D-313CB0210DDA}.Debug|Any CPU.Build.0 = Debug|Any CPU
		{2BD34AA2-1BAF-4A2B-9C2D-313CB0210DDA}.Debug|Mixed Platforms.ActiveCfg = Debug|Any CPU
		{2BD34AA2-1BAF-4A2B-9C2D-313CB0210DDA}.Debug|Mixed Platforms.Build.0 = Debug|Any CPU
		{2BD34AA2-1BAF-4A2B-9C2D-313CB0210DDA}.Debug|Win32.ActiveCfg = Debug|Any CPU
		{2BD34AA2-1BAF-4A2B-9C2D-313CB0210DDA}.Debug|x86.ActiveCfg = Debug|x86
		{2BD34AA2-1BAF-4A2B-9C2D-313CB0210DDA}.Debug|x86.Build.0 = Debug|x86
		{2BD34AA2-1BAF-4A2B-9C2D-313CB0210DDA}.Release|Any CPU.ActiveCfg = Release|Any CPU
		{2BD34AA2-1BAF-4A2B-9C2D-313CB0210DDA}.Release|Any CPU.Build.0 = Release|Any CPU
		{2BD34AA2-1BAF-4A2B-9C2D-313CB0210DDA}.Release|Mixed Platforms.ActiveCfg = Release|Any CPU
		{2BD34AA2-1BAF-4A2B-9C2D-313CB0210DDA}.Release|Mixed Platforms.Build.0 = Release|Any CPU
		{2BD34AA2-1BAF-4A2B-9C2D-313CB0210DDA}.Release|Win32.ActiveCfg = Release|Any CPU
		{2BD34AA2-1BAF-4A2B-9C2D-313CB0210DDA}.Release|x86.ActiveCfg = Release|x86
		{2BD34AA2-1BAF-4A2B-9C2D-313CB0210DDA}.Release|x86.Build.0 = Release|x86
		{2EB9FD3A-D41F-40E2-BDCF-B8DBB2EC17F8}.Debug|Any CPU.ActiveCfg = Debug|Any CPU
		{2EB9FD3A-D41F-40E2-BDCF-B8DBB2EC17F8}.Debug|Any CPU.Build.0 = Debug|Any CPU
		{2EB9FD3A-D41F-40E2-BDCF-B8DBB2EC17F8}.Debug|Mixed Platforms.ActiveCfg = Debug|Any CPU
		{2EB9FD3A-D41F-40E2-BDCF-B8DBB2EC17F8}.Debug|Mixed Platforms.Build.0 = Debug|Any CPU
		{2EB9FD3A-D41F-40E2-BDCF-B8DBB2EC17F8}.Debug|Win32.ActiveCfg = Debug|Any CPU
		{2EB9FD3A-D41F-40E2-BDCF-B8DBB2EC17F8}.Debug|x86.ActiveCfg = Debug|x86
		{2EB9FD3A-D41F-40E2-BDCF-B8DBB2EC17F8}.Debug|x86.Build.0 = Debug|x86
		{2EB9FD3A-D41F-40E2-BDCF-B8DBB2EC17F8}.Release|Any CPU.ActiveCfg = Release|Any CPU
		{2EB9FD3A-D41F-40E2-BDCF-B8DBB2EC17F8}.Release|Any CPU.Build.0 = Release|Any CPU
		{2EB9FD3A-D41F-40E2-BDCF-B8DBB2EC17F8}.Release|Mixed Platforms.ActiveCfg = Release|Any CPU
		{2EB9FD3A-D41F-40E2-BDCF-B8DBB2EC17F8}.Release|Mixed Platforms.Build.0 = Release|Any CPU
		{2EB9FD3A-D41F-40E2-BDCF-B8DBB2EC17F8}.Release|Win32.ActiveCfg = Release|Any CPU
		{2EB9FD3A-D41F-40E2-BDCF-B8DBB2EC17F8}.Release|x86.ActiveCfg = Release|x86
		{2EB9FD3A-D41F-40E2-BDCF-B8DBB2EC17F8}.Release|x86.Build.0 = Release|x86
		{FB22907E-BFAE-4D3A-B2C3-70CF5DA8800F}.Debug|Any CPU.ActiveCfg = Debug|x86
		{FB22907E-BFAE-4D3A-B2C3-70CF5DA8800F}.Debug|Mixed Platforms.ActiveCfg = Debug|x86
		{FB22907E-BFAE-4D3A-B2C3-70CF5DA8800F}.Debug|Mixed Platforms.Build.0 = Debug|x86
		{FB22907E-BFAE-4D3A-B2C3-70CF5DA8800F}.Debug|Win32.ActiveCfg = Debug|x86
		{FB22907E-BFAE-4D3A-B2C3-70CF5DA8800F}.Debug|x86.ActiveCfg = Debug|x86
		{FB22907E-BFAE-4D3A-B2C3-70CF5DA8800F}.Debug|x86.Build.0 = Debug|x86
		{FB22907E-BFAE-4D3A-B2C3-70CF5DA8800F}.Release|Any CPU.ActiveCfg = Release|x86
		{FB22907E-BFAE-4D3A-B2C3-70CF5DA8800F}.Release|Mixed Platforms.ActiveCfg = Release|x86
		{FB22907E-BFAE-4D3A-B2C3-70CF5DA8800F}.Release|Mixed Platforms.Build.0 = Release|x86
		{FB22907E-BFAE-4D3A-B2C3-70CF5DA8800F}.Release|Win32.ActiveCfg = Release|x86
		{FB22907E-BFAE-4D3A-B2C3-70CF5DA8800F}.Release|x86.ActiveCfg = Release|x86
		{FB22907E-BFAE-4D3A-B2C3-70CF5DA8800F}.Release|x86.Build.0 = Release|x86
		{A1E26D05-5EA1-492A-A4A4-D1BB12190FC2}.Debug|Any CPU.ActiveCfg = Debug|x86
		{A1E26D05-5EA1-492A-A4A4-D1BB12190FC2}.Debug|Mixed Platforms.ActiveCfg = Debug|x86
		{A1E26D05-5EA1-492A-A4A4-D1BB12190FC2}.Debug|Mixed Platforms.Build.0 = Debug|x86
		{A1E26D05-5EA1-492A-A4A4-D1BB12190FC2}.Debug|Win32.ActiveCfg = Debug|x86
		{A1E26D05-5EA1-492A-A4A4-D1BB12190FC2}.Debug|x86.ActiveCfg = Debug|x86
		{A1E26D05-5EA1-492A-A4A4-D1BB12190FC2}.Debug|x86.Build.0 = Debug|x86
		{A1E26D05-5EA1-492A-A4A4-D1BB12190FC2}.Release|Any CPU.ActiveCfg = Release|x86
		{A1E26D05-5EA1-492A-A4A4-D1BB12190FC2}.Release|Mixed Platforms.ActiveCfg = Release|x86
		{A1E26D05-5EA1-492A-A4A4-D1BB12190FC2}.Release|Mixed Platforms.Build.0 = Release|x86
		{A1E26D05-5EA1-492A-A4A4-D1BB12190FC2}.Release|Win32.ActiveCfg = Release|x86
		{A1E26D05-5EA1-492A-A4A4-D1BB12190FC2}.Release|x86.ActiveCfg = Release|x86
		{A1E26D05-5EA1-492A-A4A4-D1BB12190FC2}.Release|x86.Build.0 = Release|x86
		{44F2211C-53E4-4298-8BCE-2C0DFE111D34}.Debug|Any CPU.ActiveCfg = Debug|x86
		{44F2211C-53E4-4298-8BCE-2C0DFE111D34}.Debug|Mixed Platforms.ActiveCfg = Debug|x86
		{44F2211C-53E4-4298-8BCE-2C0DFE111D34}.Debug|Mixed Platforms.Build.0 = Debug|x86
		{44F2211C-53E4-4298-8BCE-2C0DFE111D34}.Debug|Win32.ActiveCfg = Debug|x86
		{44F2211C-53E4-4298-8BCE-2C0DFE111D34}.Debug|x86.ActiveCfg = Debug|x86
		{44F2211C-53E4-4298-8BCE-2C0DFE111D34}.Debug|x86.Build.0 = Debug|x86
		{44F2211C-53E4-4298-8BCE-2C0DFE111D34}.Release|Any CPU.ActiveCfg = Release|x86
		{44F2211C-53E4-4298-8BCE-2C0DFE111D34}.Release|Mixed Platforms.ActiveCfg = Release|x86
		{44F2211C-53E4-4298-8BCE-2C0DFE111D34}.Release|Mixed Platforms.Build.0 = Release|x86
		{44F2211C-53E4-4298-8BCE-2C0DFE111D34}.Release|Win32.ActiveCfg = Release|x86
		{44F2211C-53E4-4298-8BCE-2C0DFE111D34}.Release|x86.ActiveCfg = Release|x86
		{44F2211C-53E4-4298-8BCE-2C0DFE111D34}.Release|x86.Build.0 = Release|x86
		{DF0A8702-D0CE-42F7-9A97-435C5F67CFE7}.Debug|Any CPU.ActiveCfg = Debug|Any CPU
		{DF0A8702-D0CE-42F7-9A97-435C5F67CFE7}.Debug|Any CPU.Build.0 = Debug|Any CPU
		{DF0A8702-D0CE-42F7-9A97-435C5F67CFE7}.Debug|Mixed Platforms.ActiveCfg = Debug|Any CPU
		{DF0A8702-D0CE-42F7-9A97-435C5F67CFE7}.Debug|Mixed Platforms.Build.0 = Debug|Any CPU
		{DF0A8702-D0CE-42F7-9A97-435C5F67CFE7}.Debug|Win32.ActiveCfg = Debug|Any CPU
		{DF0A8702-D0CE-42F7-9A97-435C5F67CFE7}.Debug|x86.ActiveCfg = Debug|x86
		{DF0A8702-D0CE-42F7-9A97-435C5F67CFE7}.Debug|x86.Build.0 = Debug|x86
		{DF0A8702-D0CE-42F7-9A97-435C5F67CFE7}.Release|Any CPU.ActiveCfg = Release|Any CPU
		{DF0A8702-D0CE-42F7-9A97-435C5F67CFE7}.Release|Any CPU.Build.0 = Release|Any CPU
		{DF0A8702-D0CE-42F7-9A97-435C5F67CFE7}.Release|Mixed Platforms.ActiveCfg = Release|Any CPU
		{DF0A8702-D0CE-42F7-9A97-435C5F67CFE7}.Release|Mixed Platforms.Build.0 = Release|Any CPU
		{DF0A8702-D0CE-42F7-9A97-435C5F67CFE7}.Release|Win32.ActiveCfg = Release|Any CPU
		{DF0A8702-D0CE-42F7-9A97-435C5F67CFE7}.Release|x86.ActiveCfg = Release|Any CPU
	EndGlobalSection
	GlobalSection(SolutionProperties) = preSolution
		HideSolutionNode = FALSE
	EndGlobalSection
	GlobalSection(NestedProjects) = preSolution
		{7D4F726F-EB04-4DD4-A153-778A2FB5BD93} = {C44D3702-64B0-4A26-856A-21F30AFF805E}
		{69E634CA-6F0D-4363-9522-F19896E27E02} = {C44D3702-64B0-4A26-856A-21F30AFF805E}
		{3F0367B8-C970-4134-8FC6-944400C00F71} = {C44D3702-64B0-4A26-856A-21F30AFF805E}
		{967E302F-C718-44B4-A6C5-93B87C786E57} = {C44D3702-64B0-4A26-856A-21F30AFF805E}
		{4E957E9D-BEE2-48CB-AC19-02F89A896725} = {C44D3702-64B0-4A26-856A-21F30AFF805E}
		{02912B73-54E2-4EA5-88F1-863BFFE0B639} = {C44D3702-64B0-4A26-856A-21F30AFF805E}
		{E174BAA6-23F6-4F7C-805F-E6532B59964F} = {C44D3702-64B0-4A26-856A-21F30AFF805E}
		{A518EA23-831C-4300-AD1C-4C0F386AF0C8} = {C44D3702-64B0-4A26-856A-21F30AFF805E}
		{D0CDDE7B-8F88-4ABF-9DEC-5AC8B1189A15} = {A07BEB5A-5474-4A27-B9B2-1A6D765B7B99}
		{36F8C76C-4AE5-4D80-8E34-F7920DADD9E9} = {A07BEB5A-5474-4A27-B9B2-1A6D765B7B99}
		{DAD0BED8-5F2B-4223-9FB5-87F587F28DE0} = {D0CDDE7B-8F88-4ABF-9DEC-5AC8B1189A15}
		{2BD34AA2-1BAF-4A2B-9C2D-313CB0210DDA} = {C967E356-FE1A-444A-911B-DB82B81BAE84}
		{2EB9FD3A-D41F-40E2-BDCF-B8DBB2EC17F8} = {C967E356-FE1A-444A-911B-DB82B81BAE84}
		{A1E26D05-5EA1-492A-A4A4-D1BB12190FC2} = {36F8C76C-4AE5-4D80-8E34-F7920DADD9E9}
		{FB22907E-BFAE-4D3A-B2C3-70CF5DA8800F} = {36F8C76C-4AE5-4D80-8E34-F7920DADD9E9}
		{44F2211C-53E4-4298-8BCE-2C0DFE111D34} = {36F8C76C-4AE5-4D80-8E34-F7920DADD9E9}
	EndGlobalSection
EndGlobal
